{
  "requires": true,
  "lockfileVersion": 1,
  "dependencies": {
    "@jest/types": {
      "version": "24.9.0",
      "resolved": "https://registry.npmjs.org/@jest/types/-/types-24.9.0.tgz",
      "integrity": "sha512-XKK7ze1apu5JWQ5eZjHITP66AX+QsLlbaJRBGYr8pNzwcAE2JVkwnf0yqjHTsDRcjR0mujy/NmZMXw5kl+kGBw==",
      "dev": true,
      "requires": {
        "@types/istanbul-lib-coverage": "^2.0.0",
        "@types/istanbul-reports": "^1.1.1",
        "@types/yargs": "^13.0.0"
      }
    },
    "@types/anymatch": {
      "version": "1.3.1",
      "resolved": "https://registry.npmjs.org/@types/anymatch/-/anymatch-1.3.1.tgz",
      "integrity": "sha512-/+CRPXpBDpo2RK9C68N3b2cOvO0Cf5B9aPijHsoDQTHivnGSObdOF2BRQOYjojWTDy6nQvMjmqRXIxH55VjxxA==",
      "dev": true
    },
    "@types/babel__code-frame": {
      "version": "7.0.1",
      "resolved": "https://registry.npmjs.org/@types/babel__code-frame/-/babel__code-frame-7.0.1.tgz",
      "integrity": "sha512-FFfbQozKxYmOnCKFYV+EQprjBI7u2yaNc2ly/K9AhzyC8MzXtCtSRqptpw+HUJxhwCOo5mLwf1ATmzyhOaVbDg==",
      "dev": true
    },
    "@types/browserslist": {
      "version": "4.4.0",
      "resolved": "https://registry.npmjs.org/@types/browserslist/-/browserslist-4.4.0.tgz",
      "integrity": "sha512-hrIjWSu7Hh96/rKlpChe58qHEwIZ0+F5Zf4QNdvSVP5LUXbaJM04g9tBjo702VTNqPZr5znEJeqNR3nAV3vJPg==",
      "dev": true
    },
    "@types/cross-spawn": {
      "version": "6.0.1",
      "resolved": "https://registry.npmjs.org/@types/cross-spawn/-/cross-spawn-6.0.1.tgz",
      "integrity": "sha512-MtN1pDYdI6D6QFDzy39Q+6c9rl2o/xN7aWGe6oZuzqq5N6+YuwFsWiEAv3dNzvzN9YzU+itpN8lBzFpphQKLAw==",
      "dev": true,
      "requires": {
        "@types/node": "*"
      }
    },
    "@types/global-modules": {
      "version": "2.0.0",
      "resolved": "https://registry.npmjs.org/@types/global-modules/-/global-modules-2.0.0.tgz",
      "integrity": "sha512-AsEQE+Rhe82YGPmO2vpzhpdvsYwUbK9ev7ZhTY7QQBHuKeLxCr8K0K47HmlaVkuSe0YivNAjjEGoEnkGKhivMA==",
      "dev": true
    },
    "@types/inquirer": {
      "version": "6.5.0",
      "resolved": "https://registry.npmjs.org/@types/inquirer/-/inquirer-6.5.0.tgz",
      "integrity": "sha512-rjaYQ9b9y/VFGOpqBEXRavc3jh0a+e6evAbI31tMda8VlPaSy0AZJfXsvmIe3wklc7W6C3zCSfleuMXR7NOyXw==",
      "dev": true,
      "requires": {
        "@types/through": "*",
        "rxjs": "^6.4.0"
      }
    },
    "@types/istanbul-lib-coverage": {
      "version": "2.0.1",
      "resolved": "https://registry.npmjs.org/@types/istanbul-lib-coverage/-/istanbul-lib-coverage-2.0.1.tgz",
      "integrity": "sha512-hRJD2ahnnpLgsj6KWMYSrmXkM3rm2Dl1qkx6IOFD5FnuNPXJIG5L0dhgKXCYTRMGzU4n0wImQ/xfmRc4POUFlg==",
      "dev": true
    },
    "@types/istanbul-lib-report": {
      "version": "1.1.1",
      "resolved": "https://registry.npmjs.org/@types/istanbul-lib-report/-/istanbul-lib-report-1.1.1.tgz",
      "integrity": "sha512-3BUTyMzbZa2DtDI2BkERNC6jJw2Mr2Y0oGI7mRxYNBPxppbtEK1F66u3bKwU2g+wxwWI7PAoRpJnOY1grJqzHg==",
      "dev": true,
      "requires": {
        "@types/istanbul-lib-coverage": "*"
      }
    },
    "@types/istanbul-reports": {
      "version": "1.1.1",
      "resolved": "https://registry.npmjs.org/@types/istanbul-reports/-/istanbul-reports-1.1.1.tgz",
      "integrity": "sha512-UpYjBi8xefVChsCoBpKShdxTllC9pwISirfoZsUa2AAdQg/Jd2KQGtSbw+ya7GPo7x/wAPlH6JBhKhAsXUEZNA==",
      "dev": true,
      "requires": {
        "@types/istanbul-lib-coverage": "*",
        "@types/istanbul-lib-report": "*"
      }
    },
    "@types/jest": {
      "version": "24.0.23",
      "resolved": "https://registry.npmjs.org/@types/jest/-/jest-24.0.23.tgz",
      "integrity": "sha512-L7MBvwfNpe7yVPTXLn32df/EK+AMBFAFvZrRuArGs7npEWnlziUXK+5GMIUTI4NIuwok3XibsjXCs5HxviYXjg==",
      "dev": true,
      "requires": {
        "jest-diff": "^24.3.0"
      }
    },
    "@types/loader-utils": {
      "version": "1.1.3",
      "resolved": "https://registry.npmjs.org/@types/loader-utils/-/loader-utils-1.1.3.tgz",
      "integrity": "sha512-euKGFr2oCB3ASBwG39CYJMR3N9T0nanVqXdiH7Zu/Nqddt6SmFRxytq/i2w9LQYNQekEtGBz+pE3qG6fQTNvRg==",
      "dev": true,
      "requires": {
        "@types/node": "*",
        "@types/webpack": "*"
      }
    },
    "@types/node": {
      "version": "12.12.19",
      "resolved": "https://registry.npmjs.org/@types/node/-/node-12.12.19.tgz",
      "integrity": "sha512-OXw80IpKyLeuZ5a8r2XCxVNnRAtS3lRDHBleSUQmbgu3C6eKqRsz7/5XNBU0EvK0RTVfotvYFgvRwwe2jeoiKw==",
      "dev": true
    },
    "@types/prop-types": {
      "version": "15.7.3",
      "resolved": "https://registry.npmjs.org/@types/prop-types/-/prop-types-15.7.3.tgz",
      "integrity": "sha512-KfRL3PuHmqQLOG+2tGpRO26Ctg+Cq1E01D2DMriKEATHgWLfeNDmq9e29Q9WIky0dQ3NPkd1mzYH8Lm936Z9qw==",
      "dev": true
    },
    "@types/react": {
      "version": "16.9.16",
      "resolved": "https://registry.npmjs.org/@types/react/-/react-16.9.16.tgz",
      "integrity": "sha512-dQ3wlehuBbYlfvRXfF5G+5TbZF3xqgkikK7DWAsQXe2KnzV+kjD4W2ea+ThCrKASZn9h98bjjPzoTYzfRqyBkw==",
      "dev": true,
      "requires": {
        "@types/prop-types": "*",
        "csstype": "^2.2.0"
      }
    },
    "@types/recursive-readdir": {
      "version": "2.2.0",
      "resolved": "https://registry.npmjs.org/@types/recursive-readdir/-/recursive-readdir-2.2.0.tgz",
      "integrity": "sha512-HGk753KRu2N4mWduovY4BLjYq4jTOL29gV2OfGdGxHcPSWGFkC5RRIdk+VTs5XmYd7MVAD+JwKrcb5+5Y7FOCg==",
      "dev": true,
      "requires": {
        "@types/node": "*"
      }
    },
    "@types/shell-quote": {
      "version": "1.6.1",
      "resolved": "https://registry.npmjs.org/@types/shell-quote/-/shell-quote-1.6.1.tgz",
      "integrity": "sha512-t0bxRLQ75MMF7EeICa1eYC//o1/6gPaUV7ELke4l4OkwpZ9apOzvv2oR5F2PmQJ3tM83Lo+MNKfAXn5gQRMcnA==",
      "dev": true
    },
    "@types/source-list-map": {
      "version": "0.1.2",
      "resolved": "https://registry.npmjs.org/@types/source-list-map/-/source-list-map-0.1.2.tgz",
      "integrity": "sha512-K5K+yml8LTo9bWJI/rECfIPrGgxdpeNbj+d53lwN4QjW1MCwlkhUms+gtdzigTeUyBr09+u8BwOIY3MXvHdcsA==",
      "dev": true
    },
    "@types/tapable": {
      "version": "1.0.4",
      "resolved": "https://registry.npmjs.org/@types/tapable/-/tapable-1.0.4.tgz",
      "integrity": "sha512-78AdXtlhpCHT0K3EytMpn4JNxaf5tbqbLcbIRoQIHzpTIyjpxLQKRoxU55ujBXAtg3Nl2h/XWvfDa9dsMOd0pQ==",
      "dev": true
    },
    "@types/text-table": {
      "version": "0.2.1",
      "resolved": "https://registry.npmjs.org/@types/text-table/-/text-table-0.2.1.tgz",
      "integrity": "sha512-dchbFCWfVgUSWEvhOkXGS7zjm+K7jCUvGrQkAHPk2Fmslfofp4HQTH2pqnQ3Pw5GPYv0zWa2AQjKtsfZThuemQ==",
      "dev": true
    },
    "@types/through": {
      "version": "0.0.29",
      "resolved": "https://registry.npmjs.org/@types/through/-/through-0.0.29.tgz",
      "integrity": "sha512-9a7C5VHh+1BKblaYiq+7Tfc+EOmjMdZaD1MYtkQjSoxgB69tBjW98ry6SKsi4zEIWztLOMRuL87A3bdT/Fc/4w==",
      "dev": true,
      "requires": {
        "@types/node": "*"
      }
    },
    "@types/uglify-js": {
      "version": "3.0.4",
      "resolved": "https://registry.npmjs.org/@types/uglify-js/-/uglify-js-3.0.4.tgz",
      "integrity": "sha512-SudIN9TRJ+v8g5pTG8RRCqfqTMNqgWCKKd3vtynhGzkIIjxaicNAMuY5TRadJ6tzDu3Dotf3ngaMILtmOdmWEQ==",
      "dev": true,
      "requires": {
        "source-map": "^0.6.1"
      }
    },
    "@types/webpack": {
      "version": "4.41.0",
      "resolved": "https://registry.npmjs.org/@types/webpack/-/webpack-4.41.0.tgz",
      "integrity": "sha512-tWkdf9nO0zFgAY/EumUKwrDUhraHKDqCPhwfFR/R8l0qnPdgb9le0Gzhvb7uzVpouuDGBgiE//ZdY+5jcZy2TA==",
      "dev": true,
      "requires": {
        "@types/anymatch": "*",
        "@types/node": "*",
        "@types/tapable": "*",
        "@types/uglify-js": "*",
        "@types/webpack-sources": "*",
        "source-map": "^0.6.0"
      }
    },
    "@types/webpack-sources": {
      "version": "0.1.5",
      "resolved": "https://registry.npmjs.org/@types/webpack-sources/-/webpack-sources-0.1.5.tgz",
      "integrity": "sha512-zfvjpp7jiafSmrzJ2/i3LqOyTYTuJ7u1KOXlKgDlvsj9Rr0x7ZiYu5lZbXwobL7lmsRNtPXlBfmaUD8eU2Hu8w==",
      "dev": true,
      "requires": {
        "@types/node": "*",
        "@types/source-list-map": "*",
        "source-map": "^0.6.1"
      }
    },
    "@types/yargs": {
      "version": "13.0.3",
      "resolved": "https://registry.npmjs.org/@types/yargs/-/yargs-13.0.3.tgz",
      "integrity": "sha512-K8/LfZq2duW33XW/tFwEAfnZlqIfVsoyRB3kfXdPXYhl0nfM8mmh7GS0jg7WrX2Dgq/0Ha/pR1PaR+BvmWwjiQ==",
      "dev": true,
      "requires": {
        "@types/yargs-parser": "*"
      }
    },
    "@types/yargs-parser": {
      "version": "13.1.0",
      "resolved": "https://registry.npmjs.org/@types/yargs-parser/-/yargs-parser-13.1.0.tgz",
      "integrity": "sha512-gCubfBUZ6KxzoibJ+SCUc/57Ms1jz5NjHe4+dI2krNmU5zCPAphyLJYyTOg06ueIyfj+SaCUqmzun7ImlxDcKg==",
      "dev": true
    },
    "ansi-regex": {
      "version": "4.1.0",
      "resolved": "https://registry.npmjs.org/ansi-regex/-/ansi-regex-4.1.0.tgz",
      "integrity": "sha512-1apePfXM1UOSqw0o9IiFAovVz9M5S1Dg+4TrDwfMewQ6p/rmMueb7tWZjQ1rx4Loy1ArBggoqGpfqqdI4rondg==",
      "dev": true
    },
    "ansi-styles": {
      "version": "3.2.1",
      "resolved": "https://registry.npmjs.org/ansi-styles/-/ansi-styles-3.2.1.tgz",
      "integrity": "sha512-VT0ZI6kZRdTh8YyJw3SMbYm/u+NqfsAxEpWO0Pf9sq8/e94WxxOpPKx9FR1FlyCtOVDNOQ+8ntlqFxiRc+r5qA==",
      "dev": true,
      "requires": {
        "color-convert": "^1.9.0"
      }
    },
    "chalk": {
      "version": "2.4.2",
      "resolved": "https://registry.npmjs.org/chalk/-/chalk-2.4.2.tgz",
      "integrity": "sha512-Mti+f9lpJNcwF4tWV8/OrTTtF1gZi+f8FqlyAdouralcFWFQWF2+NgCHShjkCb+IFBLq9buZwE1xckQU4peSuQ==",
      "dev": true,
      "requires": {
        "ansi-styles": "^3.2.1",
        "escape-string-regexp": "^1.0.5",
        "supports-color": "^5.3.0"
      }
    },
    "color-convert": {
      "version": "1.9.3",
      "resolved": "https://registry.npmjs.org/color-convert/-/color-convert-1.9.3.tgz",
      "integrity": "sha512-QfAUtd+vFdAtFQcC8CCyYt1fYWxSqAiK2cSD6zDB8N3cpsEBAvRxp9zOGg6G/SHHJYAT88/az/IuDGALsNVbGg==",
      "dev": true,
      "requires": {
        "color-name": "1.1.3"
      }
    },
    "color-name": {
      "version": "1.1.3",
      "resolved": "https://registry.npmjs.org/color-name/-/color-name-1.1.3.tgz",
      "integrity": "sha1-p9BVi9icQveV3UIyj3QIMcpTvCU=",
      "dev": true
    },
    "csstype": {
      "version": "2.6.8",
      "resolved": "https://registry.npmjs.org/csstype/-/csstype-2.6.8.tgz",
      "integrity": "sha512-msVS9qTuMT5zwAGCVm4mxfrZ18BNc6Csd0oJAtiFMZ1FAx1CCvy2+5MDmYoix63LM/6NDbNtodCiGYGmFgO0dA==",
      "dev": true
    },
    "diff-sequences": {
      "version": "24.9.0",
      "resolved": "https://registry.npmjs.org/diff-sequences/-/diff-sequences-24.9.0.tgz",
      "integrity": "sha512-Dj6Wk3tWyTE+Fo1rW8v0Xhwk80um6yFYKbuAxc9c3EZxIHFDYwbi34Uk42u1CdnIiVorvt4RmlSDjIPyzGC2ew==",
      "dev": true
    },
    "escape-string-regexp": {
      "version": "1.0.5",
      "resolved": "https://registry.npmjs.org/escape-string-regexp/-/escape-string-regexp-1.0.5.tgz",
      "integrity": "sha1-G2HAViGQqN/2rjuyzwIAyhMLhtQ=",
      "dev": true
    },
    "has-flag": {
      "version": "3.0.0",
      "resolved": "https://registry.npmjs.org/has-flag/-/has-flag-3.0.0.tgz",
      "integrity": "sha1-tdRU3CGZriJWmfNGfloH87lVuv0=",
      "dev": true
    },
    "jest-diff": {
      "version": "24.9.0",
      "resolved": "https://registry.npmjs.org/jest-diff/-/jest-diff-24.9.0.tgz",
      "integrity": "sha512-qMfrTs8AdJE2iqrTp0hzh7kTd2PQWrsFyj9tORoKmu32xjPjeE4NyjVRDz8ybYwqS2ik8N4hsIpiVTyFeo2lBQ==",
      "dev": true,
      "requires": {
        "chalk": "^2.0.1",
        "diff-sequences": "^24.9.0",
        "jest-get-type": "^24.9.0",
        "pretty-format": "^24.9.0"
      }
    },
    "jest-get-type": {
      "version": "24.9.0",
      "resolved": "https://registry.npmjs.org/jest-get-type/-/jest-get-type-24.9.0.tgz",
      "integrity": "sha512-lUseMzAley4LhIcpSP9Jf+fTrQ4a1yHQwLNeeVa2cEmbCGeoZAtYPOIv8JaxLD/sUpKxetKGP+gsHl8f8TSj8Q==",
      "dev": true
    },
    "pretty-format": {
      "version": "24.9.0",
      "resolved": "https://registry.npmjs.org/pretty-format/-/pretty-format-24.9.0.tgz",
      "integrity": "sha512-00ZMZUiHaJrNfk33guavqgvfJS30sLYf0f8+Srklv0AMPodGGHcoHgksZ3OThYnIvOd+8yMCn0YiEOogjlgsnA==",
      "dev": true,
      "requires": {
        "@jest/types": "^24.9.0",
        "ansi-regex": "^4.0.0",
        "ansi-styles": "^3.2.0",
        "react-is": "^16.8.4"
      }
    },
    "react-is": {
      "version": "16.12.0",
      "resolved": "https://registry.npmjs.org/react-is/-/react-is-16.12.0.tgz",
      "integrity": "sha512-rPCkf/mWBtKc97aLL9/txD8DZdemK0vkA3JMLShjlJB3Pj3s+lpf1KaBzMfQrAmhMQB0n1cU/SUGgKKBCe837Q==",
      "dev": true
    },
    "rxjs": {
      "version": "6.5.3",
      "resolved": "https://registry.npmjs.org/rxjs/-/rxjs-6.5.3.tgz",
      "integrity": "sha512-wuYsAYYFdWTAnAaPoKGNhfpWwKZbJW+HgAJ+mImp+Epl7BG8oNWBCTyRM8gba9k4lk8BgWdoYm21Mo/RYhhbgA==",
      "dev": true,
      "requires": {
        "tslib": "^1.9.0"
      }
    },
    "source-map": {
      "version": "0.6.1",
      "resolved": "https://registry.npmjs.org/source-map/-/source-map-0.6.1.tgz",
      "integrity": "sha512-UjgapumWlbMhkBgzT7Ykc5YXUT46F0iKu8SGXq0bcwP5dz/h0Plj6enJqjz1Zbq2l5WaqYnrVbwWOWMyF3F47g==",
      "dev": true
    },
    "supports-color": {
      "version": "5.5.0",
      "resolved": "https://registry.npmjs.org/supports-color/-/supports-color-5.5.0.tgz",
      "integrity": "sha512-QjVjwdXIt408MIiAqCX4oUKsgU2EqAGzs2Ppkm4aQYbjm+ZEWEcW4SfFNTr4uMNZma0ey4f5lgLrkB0aX0QMow==",
      "dev": true,
      "requires": {
        "has-flag": "^3.0.0"
      }
    },
    "tslib": {
      "version": "1.10.0",
      "resolved": "https://registry.npmjs.org/tslib/-/tslib-1.10.0.tgz",
      "integrity": "sha512-qOebF53frne81cf0S9B41ByenJ3/IuH8yJKngAX35CmiZySA0khhkovshKK+jGCaMnVomla7gVlIcc3EvKPbTQ==",
      "dev": true
    },
    "types-registry": {
      "version": "0.1.469",
      "resolved": "https://registry.npmjs.org/types-registry/-/types-registry-0.1.469.tgz",
      "integrity": "sha512-1W19pBJh0ovCum5zMk/c9Pgu0wx6DBCuFeyGVYfeL3d6UORm+ScTOyv5LNXQ6i6NOi8sZLznQmR7UvDUc3e2Ag=="
    }
  }
}
